
Microsoft Visual Studio Solution File, Format Version 12.00
# Visual Studio Version 17
VisualStudioVersion = 17.5.33424.131
MinimumVisualStudioVersion = 10.0.40219.1
Project("{8BC9CEB8-8B4A-11D0-8D11-00A0C91BC942}") = "StudyProject", "StudyProject\StudyProject.vcxproj", "{60A6FD6C-DCB8-471B-9849-380417357F77}"
EndProject
Project("{8BC9CEB8-8B4A-11D0-8D11-00A0C91BC942}") = "AssignProject", "AssignProject\AssignProject.vcxproj", "{7272B88D-4AD3-4059-96CA-070DE5154A06}"
EndProject
Project("{8BC9CEB8-8B4A-11D0-8D11-00A0C91BC942}") = "Win32_Test_Framework", "Win32_Test_Framework\Win32_Test_Framework.vcxproj", "{841B1141-8DB1-4E7A-9DBB-20694D8E4CF8}"
EndProject
Project("{8BC9CEB8-8B4A-11D0-8D11-00A0C91BC942}") = "GdiPlus_Test", "GdiPlus_Test\GdiPlus_Test.vcxproj", "{C0333A11-808C-48C2-8FAE-E54E3EC14E78}"
EndProject
Global
	GlobalSection(SolutionConfigurationPlatforms) = preSolution
		Debug|x64 = Debug|x64
		Debug|x86 = Debug|x86
		Release|x64 = Release|x64
		Release|x86 = Release|x86
	EndGlobalSection
	GlobalSection(ProjectConfigurationPlatforms) = postSolution
		{60A6FD6C-DCB8-471B-9849-380417357F77}.Debug|x64.ActiveCfg = Debug|x64
		{60A6FD6C-DCB8-471B-9849-380417357F77}.Debug|x64.Build.0 = Debug|x64
		{60A6FD6C-DCB8-471B-9849-380417357F77}.Debug|x86.ActiveCfg = Debug|Win32
		{60A6FD6C-DCB8-471B-9849-380417357F77}.Debug|x86.Build.0 = Debug|Win32
		{60A6FD6C-DCB8-471B-9849-380417357F77}.Release|x64.ActiveCfg = Release|x64
		{60A6FD6C-DCB8-471B-9849-380417357F77}.Release|x64.Build.0 = Release|x64
		{60A6FD6C-DCB8-471B-9849-380417357F77}.Release|x86.ActiveCfg = Release|Win32
		{60A6FD6C-DCB8-471B-9849-380417357F77}.Release|x86.Build.0 = Release|Win32
		{7272B88D-4AD3-4059-96CA-070DE5154A06}.Debug|x64.ActiveCfg = Debug|x64
		{7272B88D-4AD3-4059-96CA-070DE5154A06}.Debug|x64.Build.0 = Debug|x64
		{7272B88D-4AD3-4059-96CA-070DE5154A06}.Debug|x86.ActiveCfg = Debug|Win32
		{7272B88D-4AD3-4059-96CA-070DE5154A06}.Debug|x86.Build.0 = Debug|Win32
		{7272B88D-4AD3-4059-96CA-070DE5154A06}.Release|x64.ActiveCfg = Release|x64
		{7272B88D-4AD3-4059-96CA-070DE5154A06}.Release|x64.Build.0 = Release|x64
		{7272B88D-4AD3-4059-96CA-070DE5154A06}.Release|x86.ActiveCfg = Release|Win32
		{7272B88D-4AD3-4059-96CA-070DE5154A06}.Release|x86.Build.0 = Release|Win32
		{841B1141-8DB1-4E7A-9DBB-20694D8E4CF8}.Debug|x64.ActiveCfg = Debug|x64
		{841B1141-8DB1-4E7A-9DBB-20694D8E4CF8}.Debug|x64.Build.0 = Debug|x64
		{841B1141-8DB1-4E7A-9DBB-20694D8E4CF8}.Debug|x86.ActiveCfg = Debug|Win32
		{841B1141-8DB1-4E7A-9DBB-20694D8E4CF8}.Debug|x86.Build.0 = Debug|Win32
		{841B1141-8DB1-4E7A-9DBB-20694D8E4CF8}.Release|x64.ActiveCfg = Release|x64
		{841B1141-8DB1-4E7A-9DBB-20694D8E4CF8}.Release|x64.Build.0 = Release|x64
		{841B1141-8DB1-4E7A-9DBB-20694D8E4CF8}.Release|x86.ActiveCfg = Release|Win32
		{841B1141-8DB1-4E7A-9DBB-20694D8E4CF8}.Release|x86.Build.0 = Release|Win32
		{C0333A11-808C-48C2-8FAE-E54E3EC14E78}.Debug|x64.ActiveCfg = Debug|x64
		{C0333A11-808C-48C2-8FAE-E54E3EC14E78}.Debug|x64.Build.0 = Debug|x64
		{C0333A11-808C-48C2-8FAE-E54E3EC14E78}.Debug|x86.ActiveCfg = Debug|Win32
		{C0333A11-808C-48C2-8FAE-E54E3EC14E78}.Debug|x86.Build.0 = Debug|Win32
		{C0333A11-808C-48C2-8FAE-E54E3EC14E78}.Release|x64.ActiveCfg = Release|x64
		{C0333A11-808C-48C2-8FAE-E54E3EC14E78}.Release|x64.Build.0 = Release|x64
		{C0333A11-808C-48C2-8FAE-E54E3EC14E78}.Release|x86.ActiveCfg = Release|Win32
		{C0333A11-808C-48C2-8FAE-E54E3EC14E78}.Release|x86.Build.0 = Release|Win32
	EndGlobalSection
	GlobalSection(SolutionProperties) = preSolution
		HideSolutionNode = FALSE
	EndGlobalSection
	GlobalSection(ExtensibilityGlobals) = postSolution
		SolutionGuid = {2441FCF8-9DEB-4983-A713-90C93CEF8186}
	EndGlobalSection
EndGlobal
